
Microsoft Visual Studio Solution File, Format Version 12.00
# Visual Studio 15
VisualStudioVersion = 15.0.28010.2036
MinimumVisualStudioVersion = 10.0.40219.1
Project("{8BC9CEB8-8B4A-11D0-8D11-00A0C91BC942}") = "MonkGame", "MonkGame\MonkGame.vcxproj", "{A5D66381-5520-4CE1-B7AF-05C60A1A460F}"
EndProject
Global
	GlobalSection(SolutionConfigurationPlatforms) = preSolution
		Debug|x64 = Debug|x64
		Debug|x86 = Debug|x86
		Release|x64 = Release|x64
		Release|x86 = Release|x86
	EndGlobalSection
	GlobalSection(ProjectConfigurationPlatforms) = postSolution
		{A5D66381-5520-4CE1-B7AF-05C60A1A460F}.Debug|x64.ActiveCfg = Debug|x64
		{A5D66381-5520-4CE1-B7AF-05C60A1A460F}.Debug|x64.Build.0 = Debug|x64
		{A5D66381-5520-4CE1-B7AF-05C60A1A460F}.Debug|x86.ActiveCfg = Debug|Win32
		{A5D66381-5520-4CE1-B7AF-05C60A1A460F}.Debug|x86.Build.0 = Debug|Win32
		{A5D66381-5520-4CE1-B7AF-05C60A1A460F}.Release|x64.ActiveCfg = Release|x64
		{A5D66381-5520-4CE1-B7AF-05C60A1A460F}.Release|x64.Build.0 = Release|x64
		{A5D66381-5520-4CE1-B7AF-05C60A1A460F}.Release|x86.ActiveCfg = Release|Win32
		{A5D66381-5520-4CE1-B7AF-05C60A1A460F}.Release|x86.Build.0 = Release|Win32
	EndGlobalSection
	GlobalSection(SolutionProperties) = preSolution
		HideSolutionNode = FALSE
	EndGlobalSection
	GlobalSection(ExtensibilityGlobals) = postSolution
		SolutionGuid = {10F2D30E-8C61-40E0-B7CD-C439ECCAAD1F}
	EndGlobalSection
EndGlobal
